---
metadata:
  version: "1.0"
artifacts:
  - download_url: "https://github.com/explosion/spacy-models/releases/download/en_core_web_lg-3.8.0/en_core_web_lg-3.8.0-py3-none-any.whl"
    checksum: "sha256:b44800c00b72a0b7be3c26256f60db17848b6f8d7dfc57492c6e9ae6e0b8a355"
    filename: "en_core_web_lg-3.8.0-py3-none-any.whl"
