---
metadata:
  version: "1.0"
artifacts:
  - download_url: "https://github.com/explosion/spacy-models/releases/download/en_core_web_lg-3.7.1/en_core_web_lg-3.7.1-py3-none-any.whl"
    checksum: "sha256:ab70aeb6172cde82508f7739f35ebc9918a3d07debeed637403c8f794ba3d3dc"
    filename: "en_core_web_lg-3.7.1-py3-none-any.whl"
